
Microsoft Visual Studio Solution File, Format Version 12.00
# Visual Studio Version 17
VisualStudioVersion = 17.13.35605.110 d17.13
MinimumVisualStudioVersion = 10.0.40219.1
Project("{FAE04EC0-301F-11D3-BF4B-00C04F79EFBC}") = "TaxDashboard.MailTest", "TaxDashboard.MailTest\TaxDashboard.MailTest.csproj", "{99F06FD5-610A-4AB7-A7DB-CBCEA863243F}"
EndProject
Global
	GlobalSection(SolutionConfigurationPlatforms) = preSolution
		Debug|Any CPU = Debug|Any CPU
		Release|Any CPU = Release|Any CPU
	EndGlobalSection
	GlobalSection(ProjectConfigurationPlatforms) = postSolution
		{99F06FD5-610A-4AB7-A7DB-CBCEA863243F}.Debug|Any CPU.ActiveCfg = Debug|Any CPU
		{99F06FD5-610A-4AB7-A7DB-CBCEA863243F}.Debug|Any CPU.Build.0 = Debug|Any CPU
		{99F06FD5-610A-4AB7-A7DB-CBCEA863243F}.Release|Any CPU.ActiveCfg = Release|Any CPU
		{99F06FD5-610A-4AB7-A7DB-CBCEA863243F}.Release|Any CPU.Build.0 = Release|Any CPU
	EndGlobalSection
	GlobalSection(SolutionProperties) = preSolution
		HideSolutionNode = FALSE
	EndGlobalSection
	GlobalSection(ExtensibilityGlobals) = postSolution
		SolutionGuid = {46BC1941-AFCA-4365-9A99-E6D3CDAD473A}
	EndGlobalSection
EndGlobal
