
Microsoft Visual Studio Solution File, Format Version 12.00
# Visual Studio Version 17
VisualStudioVersion = 17.13.35605.110
MinimumVisualStudioVersion = 10.0.40219.1
Project("{FAE04EC0-301F-11D3-BF4B-00C04F79EFBC}") = "TaxDashboard", "TaxDashboard\TaxDashboard.csproj", "{B876CFD4-EA57-4F0B-90AD-9C9B6D164661}"
EndProject
Project("{FAE04EC0-301F-11D3-BF4B-00C04F79EFBC}") = "BlazorTable", "BlazorTable\src\BlazorTable\BlazorTable.csproj", "{5CBC8BB4-2C07-E551-BCF0-896417049D8B}"
EndProject
Project("{FAE04EC0-301F-11D3-BF4B-00C04F79EFBC}") = "LifeManagers.Data", "LifeManagers.Data\src\LifeManagers.Data.csproj", "{4238307C-0E2A-B86C-B157-16F567F10505}"
EndProject
Project("{FAE04EC0-301F-11D3-BF4B-00C04F79EFBC}") = "TaxDashboard.Data", "TaxDashboard.Data\TaxDashboard.Data.csproj", "{EBFC3DAC-5CA9-46E3-AC6E-B0BF2F40DB51}"
EndProject
Project("{FAE04EC0-301F-11D3-BF4B-00C04F79EFBC}") = "TaxDashboard.Util", "TaxDashboard.Util\TaxDashboard.Util.csproj", "{7494970C-807B-4715-983E-F7C1387D7752}"
EndProject
Global
	GlobalSection(SolutionConfigurationPlatforms) = preSolution
		Debug|Any CPU = Debug|Any CPU
		Release|Any CPU = Release|Any CPU
	EndGlobalSection
	GlobalSection(ProjectConfigurationPlatforms) = postSolution
		{B876CFD4-EA57-4F0B-90AD-9C9B6D164661}.Debug|Any CPU.ActiveCfg = Debug|Any CPU
		{B876CFD4-EA57-4F0B-90AD-9C9B6D164661}.Debug|Any CPU.Build.0 = Debug|Any CPU
		{B876CFD4-EA57-4F0B-90AD-9C9B6D164661}.Debug|Any CPU.Deploy.0 = Debug|Any CPU
		{B876CFD4-EA57-4F0B-90AD-9C9B6D164661}.Release|Any CPU.ActiveCfg = Release|Any CPU
		{B876CFD4-EA57-4F0B-90AD-9C9B6D164661}.Release|Any CPU.Build.0 = Release|Any CPU
		{B876CFD4-EA57-4F0B-90AD-9C9B6D164661}.Release|Any CPU.Deploy.0 = Release|Any CPU
		{5CBC8BB4-2C07-E551-BCF0-896417049D8B}.Debug|Any CPU.ActiveCfg = Debug|Any CPU
		{5CBC8BB4-2C07-E551-BCF0-896417049D8B}.Debug|Any CPU.Build.0 = Debug|Any CPU
		{5CBC8BB4-2C07-E551-BCF0-896417049D8B}.Release|Any CPU.ActiveCfg = Release|Any CPU
		{5CBC8BB4-2C07-E551-BCF0-896417049D8B}.Release|Any CPU.Build.0 = Release|Any CPU
		{4238307C-0E2A-B86C-B157-16F567F10505}.Debug|Any CPU.ActiveCfg = Debug|Any CPU
		{4238307C-0E2A-B86C-B157-16F567F10505}.Debug|Any CPU.Build.0 = Debug|Any CPU
		{4238307C-0E2A-B86C-B157-16F567F10505}.Release|Any CPU.ActiveCfg = Release|Any CPU
		{4238307C-0E2A-B86C-B157-16F567F10505}.Release|Any CPU.Build.0 = Release|Any CPU
		{EBFC3DAC-5CA9-46E3-AC6E-B0BF2F40DB51}.Debug|Any CPU.ActiveCfg = Debug|Any CPU
		{EBFC3DAC-5CA9-46E3-AC6E-B0BF2F40DB51}.Debug|Any CPU.Build.0 = Debug|Any CPU
		{EBFC3DAC-5CA9-46E3-AC6E-B0BF2F40DB51}.Release|Any CPU.ActiveCfg = Release|Any CPU
		{EBFC3DAC-5CA9-46E3-AC6E-B0BF2F40DB51}.Release|Any CPU.Build.0 = Release|Any CPU
		{7494970C-807B-4715-983E-F7C1387D7752}.Debug|Any CPU.ActiveCfg = Debug|Any CPU
		{7494970C-807B-4715-983E-F7C1387D7752}.Debug|Any CPU.Build.0 = Debug|Any CPU
		{7494970C-807B-4715-983E-F7C1387D7752}.Release|Any CPU.ActiveCfg = Release|Any CPU
		{7494970C-807B-4715-983E-F7C1387D7752}.Release|Any CPU.Build.0 = Release|Any CPU
	EndGlobalSection
	GlobalSection(SolutionProperties) = preSolution
		HideSolutionNode = FALSE
	EndGlobalSection
	GlobalSection(ExtensibilityGlobals) = postSolution
		SolutionGuid = {4846B85B-EB2C-406E-81B0-30A911055A4C}
	EndGlobalSection
EndGlobal
